
Microsoft Visual Studio Solution File, Format Version 12.00
# Visual Studio Version 17
VisualStudioVersion = 17.9.34622.214
MinimumVisualStudioVersion = 10.0.40219.1
Project("{FAE04EC0-301F-11D3-BF4B-00C04F79EFBC}") = "Multi Tenanciy", "Multi Tenanciy\Multi Tenanciy.csproj", "{1C203518-F94A-4A39-A845-C8268654B432}"
EndProject
Global
	GlobalSection(SolutionConfigurationPlatforms) = preSolution
		Debug|Any CPU = Debug|Any CPU
		Release|Any CPU = Release|Any CPU
	EndGlobalSection
	GlobalSection(ProjectConfigurationPlatforms) = postSolution
		{1C203518-F94A-4A39-A845-C8268654B432}.Debug|Any CPU.ActiveCfg = Debug|Any CPU
		{1C203518-F94A-4A39-A845-C8268654B432}.Debug|Any CPU.Build.0 = Debug|Any CPU
		{1C203518-F94A-4A39-A845-C8268654B432}.Release|Any CPU.ActiveCfg = Release|Any CPU
		{1C203518-F94A-4A39-A845-C8268654B432}.Release|Any CPU.Build.0 = Release|Any CPU
	EndGlobalSection
	GlobalSection(SolutionProperties) = preSolution
		HideSolutionNode = FALSE
	EndGlobalSection
	GlobalSection(ExtensibilityGlobals) = postSolution
		SolutionGuid = {23D9C4E7-5FDC-4F72-B13A-D03EEA58B84B}
	EndGlobalSection
EndGlobal
